
Microsoft Visual Studio Solution File, Format Version 12.00
# Visual Studio Version 17
VisualStudioVersion = 17.0.31912.275
MinimumVisualStudioVersion = 10.0.40219.1
Project("{8BC9CEB8-8B4A-11D0-8D11-00A0C91BC942}") = "jeu-de-la-jungle", "jeu-de-la-jungle.vcxproj", "{E693F7F1-BCD5-40FF-9DEA-77FE96EB6226}"
EndProject
Global
	GlobalSection(SolutionConfigurationPlatforms) = preSolution
		Debug|x64 = Debug|x64
		Debug|x86 = Debug|x86
		Release|x64 = Release|x64
		Release|x86 = Release|x86
	EndGlobalSection
	GlobalSection(ProjectConfigurationPlatforms) = postSolution
		{E693F7F1-BCD5-40FF-9DEA-77FE96EB6226}.Debug|x64.ActiveCfg = Debug|x64
		{E693F7F1-BCD5-40FF-9DEA-77FE96EB6226}.Debug|x64.Build.0 = Debug|x64
		{E693F7F1-BCD5-40FF-9DEA-77FE96EB6226}.Debug|x86.ActiveCfg = Debug|Win32
		{E693F7F1-BCD5-40FF-9DEA-77FE96EB6226}.Debug|x86.Build.0 = Debug|Win32
		{E693F7F1-BCD5-40FF-9DEA-77FE96EB6226}.Release|x64.ActiveCfg = Release|x64
		{E693F7F1-BCD5-40FF-9DEA-77FE96EB6226}.Release|x64.Build.0 = Release|x64
		{E693F7F1-BCD5-40FF-9DEA-77FE96EB6226}.Release|x86.ActiveCfg = Release|Win32
		{E693F7F1-BCD5-40FF-9DEA-77FE96EB6226}.Release|x86.Build.0 = Release|Win32
	EndGlobalSection
	GlobalSection(SolutionProperties) = preSolution
		HideSolutionNode = FALSE
	EndGlobalSection
	GlobalSection(ExtensibilityGlobals) = postSolution
		SolutionGuid = {A34CC9E3-70EE-4BEF-815E-3ACF4C949E04}
	EndGlobalSection
EndGlobal
